// !$*UTF8*$!
{
	archiveVersion = 1;
	classes = {
	};
	objectVersion = 50;
	objects = {

/* Begin PBXBuildFile section */
		0C4711EA29AF993A00C3EB0A /* AppDelegate.swift in Sources */ = {isa = PBXBuildFile; fileRef = 0C4711E929AF993A00C3EB0A /* AppDelegate.swift */; };
		0C4711EC29AF993A00C3EB0A /* SceneDelegate.swift in Sources */ = {isa = PBXBuildFile; fileRef = 0C4711EB29AF993A00C3EB0A /* SceneDelegate.swift */; };
		0C4711EE29AF993A00C3EB0A /* ViewController.swift in Sources */ = {isa = PBXBuildFile; fileRef = 0C4711ED29AF993A00C3EB0A /* ViewController.swift */; };
		0C4711F129AF993A00C3EB0A /* Main.storyboard in Resources */ = {isa = PBXBuildFile; fileRef = 0C4711EF29AF993A00C3EB0A /* Main.storyboard */; };
		0C4711F329AF993D00C3EB0A /* Assets.xcassets in Resources */ = {isa = PBXBuildFile; fileRef = 0C4711F229AF993D00C3EB0A /* Assets.xcassets */; };
		0C4711F629AF993D00C3EB0A /* LaunchScreen.storyboard in Resources */ = {isa = PBXBuildFile; fileRef = 0C4711F429AF993D00C3EB0A /* LaunchScreen.storyboard */; };
		0C47127229AFA0C500C3EB0A /* WalkViewController.swift in Sources */ = {isa = PBXBuildFile; fileRef = 0C47127129AFA0C500C3EB0A /* WalkViewController.swift */; };
		0C47127629AFA0EB00C3EB0A /* StatisticsViewController.swift in Sources */ = {isa = PBXBuildFile; fileRef = 0C47127529AFA0EB00C3EB0A /* StatisticsViewController.swift */; };
		0C47128429AFAADC00C3EB0A /* StoryboardInitializable.swift in Sources */ = {isa = PBXBuildFile; fileRef = 0C47128329AFAADC00C3EB0A /* StoryboardInitializable.swift */; };
		0C47128A29AFAB1A00C3EB0A /* MapViewController.swift in Sources */ = {isa = PBXBuildFile; fileRef = 0C47128929AFAB1A00C3EB0A /* MapViewController.swift */; };
		0C47128F29B09F6400C3EB0A /* MapViewModel.swift in Sources */ = {isa = PBXBuildFile; fileRef = 0C47128E29B09F6400C3EB0A /* MapViewModel.swift */; };
		0C47129429B0A06D00C3EB0A /* MapPoint.swift in Sources */ = {isa = PBXBuildFile; fileRef = 0C47129329B0A06D00C3EB0A /* MapPoint.swift */; };
		0C47129829B0A19800C3EB0A /* Coordinates.json in Resources */ = {isa = PBXBuildFile; fileRef = 0C47129729B0A19800C3EB0A /* Coordinates.json */; };
		0C47129C29B0A50F00C3EB0A /* PointAnnotation.swift in Sources */ = {isa = PBXBuildFile; fileRef = 0C47129B29B0A50F00C3EB0A /* PointAnnotation.swift */; };
		0C4712A029B0A51700C3EB0A /* PointAnnotationView.swift in Sources */ = {isa = PBXBuildFile; fileRef = 0C47129F29B0A51700C3EB0A /* PointAnnotationView.swift */; };
		0C4712A329B0A6A900C3EB0A /* UIColor+.swift in Sources */ = {isa = PBXBuildFile; fileRef = 0C4712A229B0A6A900C3EB0A /* UIColor+.swift */; };
		0C4712A629B0A7F300C3EB0A /* UIViewController+.swift in Sources */ = {isa = PBXBuildFile; fileRef = 0C4712A529B0A7F300C3EB0A /* UIViewController+.swift */; };
		0C4712CB29B0F20800C3EB0A /* WalkViewModel.swift in Sources */ = {isa = PBXBuildFile; fileRef = 0C4712CA29B0F20800C3EB0A /* WalkViewModel.swift */; };
		0C4712D029B0FBE800C3EB0A /* QuickstartViewController.swift in Sources */ = {isa = PBXBuildFile; fileRef = 0C4712CF29B0FBE800C3EB0A /* QuickstartViewController.swift */; };
		0C4712D429B0FBF400C3EB0A /* GuidedViewController.swift in Sources */ = {isa = PBXBuildFile; fileRef = 0C4712D329B0FBF400C3EB0A /* GuidedViewController.swift */; };
		0C4712D829B1138E00C3EB0A /* GuidedViewModel.swift in Sources */ = {isa = PBXBuildFile; fileRef = 0C4712D729B1138E00C3EB0A /* GuidedViewModel.swift */; };
		0C4712DB29B113C300C3EB0A /* Route.swift in Sources */ = {isa = PBXBuildFile; fileRef = 0C4712DA29B113C300C3EB0A /* Route.swift */; };
		0C4712DE29B113ED00C3EB0A /* Routes.json in Resources */ = {isa = PBXBuildFile; fileRef = 0C4712DD29B113ED00C3EB0A /* Routes.json */; };
		0C4712E329B1172800C3EB0A /* RouteTableViewCell.swift in Sources */ = {isa = PBXBuildFile; fileRef = 0C4712E129B1172800C3EB0A /* RouteTableViewCell.swift */; };
		0C4712E429B1172800C3EB0A /* RouteTableViewCell.xib in Resources */ = {isa = PBXBuildFile; fileRef = 0C4712E229B1172800C3EB0A /* RouteTableViewCell.xib */; };
		0C4712E729B119E700C3EB0A /* UIView+.swift in Sources */ = {isa = PBXBuildFile; fileRef = 0C4712E629B119E700C3EB0A /* UIView+.swift */; };
/* End PBXBuildFile section */

/* Begin PBXFileReference section */
		0C4711E629AF993A00C3EB0A /* Project-structure.app */ = {isa = PBXFileReference; explicitFileType = wrapper.application; includeInIndex = 0; path = "Project-structure.app"; sourceTree = BUILT_PRODUCTS_DIR; };
		0C4711E929AF993A00C3EB0A /* AppDelegate.swift */ = {isa = PBXFileReference; lastKnownFileType = sourcecode.swift; path = AppDelegate.swift; sourceTree = "<group>"; };
		0C4711EB29AF993A00C3EB0A /* SceneDelegate.swift */ = {isa = PBXFileReference; lastKnownFileType = sourcecode.swift; path = SceneDelegate.swift; sourceTree = "<group>"; };
		0C4711ED29AF993A00C3EB0A /* ViewController.swift */ = {isa = PBXFileReference; lastKnownFileType = sourcecode.swift; path = ViewController.swift; sourceTree = "<group>"; };
		0C4711F029AF993A00C3EB0A /* Base */ = {isa = PBXFileReference; lastKnownFileType = file.storyboard; name = Base; path = Base.lproj/Main.storyboard; sourceTree = "<group>"; };
		0C4711F229AF993D00C3EB0A /* Assets.xcassets */ = {isa = PBXFileReference; lastKnownFileType = folder.assetcatalog; path = Assets.xcassets; sourceTree = "<group>"; };
		0C4711F529AF993D00C3EB0A /* Base */ = {isa = PBXFileReference; lastKnownFileType = file.storyboard; name = Base; path = Base.lproj/LaunchScreen.storyboard; sourceTree = "<group>"; };
		0C4711F729AF993D00C3EB0A /* Info.plist */ = {isa = PBXFileReference; lastKnownFileType = text.plist.xml; path = Info.plist; sourceTree = "<group>"; };
		0C47127129AFA0C500C3EB0A /* WalkViewController.swift */ = {isa = PBXFileReference; lastKnownFileType = sourcecode.swift; path = WalkViewController.swift; sourceTree = "<group>"; };
		0C47127529AFA0EB00C3EB0A /* StatisticsViewController.swift */ = {isa = PBXFileReference; lastKnownFileType = sourcecode.swift; name = StatisticsViewController.swift; path = "Project-structure/Scenes/StatisticsViewController.swift"; sourceTree = SOURCE_ROOT; };
		0C47128329AFAADC00C3EB0A /* StoryboardInitializable.swift */ = {isa = PBXFileReference; fileEncoding = 4; lastKnownFileType = sourcecode.swift; path = StoryboardInitializable.swift; sourceTree = "<group>"; };
		0C47128929AFAB1A00C3EB0A /* MapViewController.swift */ = {isa = PBXFileReference; lastKnownFileType = sourcecode.swift; path = MapViewController.swift; sourceTree = "<group>"; };
		0C47128E29B09F6400C3EB0A /* MapViewModel.swift */ = {isa = PBXFileReference; lastKnownFileType = sourcecode.swift; path = MapViewModel.swift; sourceTree = "<group>"; };
		0C47129329B0A06D00C3EB0A /* MapPoint.swift */ = {isa = PBXFileReference; lastKnownFileType = sourcecode.swift; path = MapPoint.swift; sourceTree = "<group>"; };
		0C47129729B0A19800C3EB0A /* Coordinates.json */ = {isa = PBXFileReference; fileEncoding = 4; lastKnownFileType = text.json; path = Coordinates.json; sourceTree = "<group>"; };
		0C47129B29B0A50F00C3EB0A /* PointAnnotation.swift */ = {isa = PBXFileReference; lastKnownFileType = sourcecode.swift; path = PointAnnotation.swift; sourceTree = "<group>"; };
		0C47129F29B0A51700C3EB0A /* PointAnnotationView.swift */ = {isa = PBXFileReference; lastKnownFileType = sourcecode.swift; path = PointAnnotationView.swift; sourceTree = "<group>"; };
		0C4712A229B0A6A900C3EB0A /* UIColor+.swift */ = {isa = PBXFileReference; lastKnownFileType = sourcecode.swift; path = "UIColor+.swift"; sourceTree = "<group>"; };
		0C4712A529B0A7F300C3EB0A /* UIViewController+.swift */ = {isa = PBXFileReference; lastKnownFileType = sourcecode.swift; path = "UIViewController+.swift"; sourceTree = "<group>"; };
		0C4712CA29B0F20800C3EB0A /* WalkViewModel.swift */ = {isa = PBXFileReference; lastKnownFileType = sourcecode.swift; path = WalkViewModel.swift; sourceTree = "<group>"; };
		0C4712CF29B0FBE800C3EB0A /* QuickstartViewController.swift */ = {isa = PBXFileReference; lastKnownFileType = sourcecode.swift; path = QuickstartViewController.swift; sourceTree = "<group>"; };
		0C4712D329B0FBF400C3EB0A /* GuidedViewController.swift */ = {isa = PBXFileReference; lastKnownFileType = sourcecode.swift; path = GuidedViewController.swift; sourceTree = "<group>"; };
		0C4712D729B1138E00C3EB0A /* GuidedViewModel.swift */ = {isa = PBXFileReference; lastKnownFileType = sourcecode.swift; path = GuidedViewModel.swift; sourceTree = "<group>"; };
		0C4712DA29B113C300C3EB0A /* Route.swift */ = {isa = PBXFileReference; lastKnownFileType = sourcecode.swift; path = Route.swift; sourceTree = "<group>"; };
		0C4712DD29B113ED00C3EB0A /* Routes.json */ = {isa = PBXFileReference; lastKnownFileType = text.json; path = Routes.json; sourceTree = "<group>"; };
		0C4712E129B1172800C3EB0A /* RouteTableViewCell.swift */ = {isa = PBXFileReference; lastKnownFileType = sourcecode.swift; path = RouteTableViewCell.swift; sourceTree = "<group>"; };
		0C4712E229B1172800C3EB0A /* RouteTableViewCell.xib */ = {isa = PBXFileReference; lastKnownFileType = file.xib; path = RouteTableViewCell.xib; sourceTree = "<group>"; };
		0C4712E629B119E700C3EB0A /* UIView+.swift */ = {isa = PBXFileReference; lastKnownFileType = sourcecode.swift; path = "UIView+.swift"; sourceTree = "<group>"; };
/* End PBXFileReference section */

/* Begin PBXFrameworksBuildPhase section */
		0C4711E329AF993A00C3EB0A /* Frameworks */ = {
			isa = PBXFrameworksBuildPhase;
			buildActionMask = 2147483647;
			files = (
			);
			runOnlyForDeploymentPostprocessing = 0;
		};
/* End PBXFrameworksBuildPhase section */

/* Begin PBXGroup section */
		0C4711DD29AF993A00C3EB0A = {
			isa = PBXGroup;
			children = (
				0C4711E829AF993A00C3EB0A /* Project-structure */,
				0C4711E729AF993A00C3EB0A /* Products */,
			);
			sourceTree = "<group>";
		};
		0C4711E729AF993A00C3EB0A /* Products */ = {
			isa = PBXGroup;
			children = (
				0C4711E629AF993A00C3EB0A /* Project-structure.app */,
			);
			name = Products;
			sourceTree = "<group>";
		};
		0C4711E829AF993A00C3EB0A /* Project-structure */ = {
			isa = PBXGroup;
			children = (
				0C47129229B0A05B00C3EB0A /* Models */,
				0C47126929AFA02000C3EB0A /* Scenes */,
				0C47120629AF9A2200C3EB0A /* Utilities */,
				0C4711FE29AF994600C3EB0A /* App */,
				0C4711EF29AF993A00C3EB0A /* Main.storyboard */,
				0C4711F229AF993D00C3EB0A /* Assets.xcassets */,
				0C4711F429AF993D00C3EB0A /* LaunchScreen.storyboard */,
				0C4711F729AF993D00C3EB0A /* Info.plist */,
				0C47129729B0A19800C3EB0A /* Coordinates.json */,
				0C4712DD29B113ED00C3EB0A /* Routes.json */,
			);
			path = "Project-structure";
			sourceTree = "<group>";
		};
		0C4711FE29AF994600C3EB0A /* App */ = {
			isa = PBXGroup;
			children = (
				0C4711E929AF993A00C3EB0A /* AppDelegate.swift */,
				0C4711EB29AF993A00C3EB0A /* SceneDelegate.swift */,
			);
			path = App;
			sourceTree = "<group>";
		};
		0C47120629AF9A2200C3EB0A /* Utilities */ = {
			isa = PBXGroup;
			children = (
				0C47128329AFAADC00C3EB0A /* StoryboardInitializable.swift */,
				0C4712A229B0A6A900C3EB0A /* UIColor+.swift */,
				0C4712A529B0A7F300C3EB0A /* UIViewController+.swift */,
				0C4712E629B119E700C3EB0A /* UIView+.swift */,
			);
			path = Utilities;
			sourceTree = "<group>";
		};
		0C47126929AFA02000C3EB0A /* Scenes */ = {
			isa = PBXGroup;
			children = (
				0C47128829AFAB0D00C3EB0A /* MapScene */,
				0C47127029AFA0B300C3EB0A /* StatisticsScene */,
				0C47126F29AFA04100C3EB0A /* WalkScene */,
				0C47126A29AFA02700C3EB0A /* TabViewController */,
			);
			path = Scenes;
			sourceTree = "<group>";
		};
		0C47126A29AFA02700C3EB0A /* TabViewController */ = {
			isa = PBXGroup;
			children = (
				0C4711ED29AF993A00C3EB0A /* ViewController.swift */,
			);
			path = TabViewController;
			sourceTree = "<group>";
		};
		0C47126F29AFA04100C3EB0A /* WalkScene */ = {
			isa = PBXGroup;
			children = (
				0C4712CE29B0FBD900C3EB0A /* Guided */,
				0C4712CD29B0FBCE00C3EB0A /* Quickstart */,
				0C47127129AFA0C500C3EB0A /* WalkViewController.swift */,
				0C4712CA29B0F20800C3EB0A /* WalkViewModel.swift */,
			);
			path = WalkScene;
			sourceTree = "<group>";
		};
		0C47127029AFA0B300C3EB0A /* StatisticsScene */ = {
			isa = PBXGroup;
			children = (
				0C47127529AFA0EB00C3EB0A /* StatisticsViewController.swift */,
			);
			path = StatisticsScene;
			sourceTree = "<group>";
		};
		0C47128829AFAB0D00C3EB0A /* MapScene */ = {
			isa = PBXGroup;
			children = (
				0C47128D29B09E8E00C3EB0A /* Annotation */,
				0C47128929AFAB1A00C3EB0A /* MapViewController.swift */,
				0C47128E29B09F6400C3EB0A /* MapViewModel.swift */,
			);
			path = MapScene;
			sourceTree = "<group>";
		};
		0C47128D29B09E8E00C3EB0A /* Annotation */ = {
			isa = PBXGroup;
			children = (
				0C47129B29B0A50F00C3EB0A /* PointAnnotation.swift */,
				0C47129F29B0A51700C3EB0A /* PointAnnotationView.swift */,
			);
			path = Annotation;
			sourceTree = "<group>";
		};
		0C47129229B0A05B00C3EB0A /* Models */ = {
			isa = PBXGroup;
			children = (
				0C47129329B0A06D00C3EB0A /* MapPoint.swift */,
				0C4712DA29B113C300C3EB0A /* Route.swift */,
			);
			path = Models;
			sourceTree = "<group>";
		};
		0C4712CD29B0FBCE00C3EB0A /* Quickstart */ = {
			isa = PBXGroup;
			children = (
				0C4712CF29B0FBE800C3EB0A /* QuickstartViewController.swift */,
			);
			path = Quickstart;
			sourceTree = "<group>";
		};
		0C4712CE29B0FBD900C3EB0A /* Guided */ = {
			isa = PBXGroup;
			children = (
				0C4712E029B1171100C3EB0A /* TableViewCell */,
				0C4712D329B0FBF400C3EB0A /* GuidedViewController.swift */,
				0C4712D729B1138E00C3EB0A /* GuidedViewModel.swift */,
			);
			path = Guided;
			sourceTree = "<group>";
		};
		0C4712E029B1171100C3EB0A /* TableViewCell */ = {
			isa = PBXGroup;
			children = (
				0C4712E129B1172800C3EB0A /* RouteTableViewCell.swift */,
				0C4712E229B1172800C3EB0A /* RouteTableViewCell.xib */,
			);
			path = TableViewCell;
			sourceTree = "<group>";
		};
/* End PBXGroup section */

/* Begin PBXNativeTarget section */
		0C4711E529AF993A00C3EB0A /* Project-structure */ = {
			isa = PBXNativeTarget;
			buildConfigurationList = 0C4711FA29AF993D00C3EB0A /* Build configuration list for PBXNativeTarget "Project-structure" */;
			buildPhases = (
				0C4711E229AF993A00C3EB0A /* Sources */,
				0C4711E329AF993A00C3EB0A /* Frameworks */,
				0C4711E429AF993A00C3EB0A /* Resources */,
			);
			buildRules = (
			);
			dependencies = (
			);
			name = "Project-structure";
			productName = "Project-structure";
			productReference = 0C4711E629AF993A00C3EB0A /* Project-structure.app */;
			productType = "com.apple.product-type.application";
		};
/* End PBXNativeTarget section */

/* Begin PBXProject section */
		0C4711DE29AF993A00C3EB0A /* Project object */ = {
			isa = PBXProject;
			attributes = {
				LastSwiftUpdateCheck = 1240;
				LastUpgradeCheck = 1240;
				TargetAttributes = {
					0C4711E529AF993A00C3EB0A = {
						CreatedOnToolsVersion = 12.4;
					};
				};
			};
			buildConfigurationList = 0C4711E129AF993A00C3EB0A /* Build configuration list for PBXProject "Project-structure" */;
			compatibilityVersion = "Xcode 9.3";
			developmentRegion = en;
			hasScannedForEncodings = 0;
			knownRegions = (
				en,
				Base,
			);
			mainGroup = 0C4711DD29AF993A00C3EB0A;
			productRefGroup = 0C4711E729AF993A00C3EB0A /* Products */;
			projectDirPath = "";
			projectRoot = "";
			targets = (
				0C4711E529AF993A00C3EB0A /* Project-structure */,
			);
		};
/* End PBXProject section */

/* Begin PBXResourcesBuildPhase section */
		0C4711E429AF993A00C3EB0A /* Resources */ = {
			isa = PBXResourcesBuildPhase;
			buildActionMask = 2147483647;
			files = (
				0C4711F629AF993D00C3EB0A /* LaunchScreen.storyboard in Resources */,
				0C4712DE29B113ED00C3EB0A /* Routes.json in Resources */,
				0C4711F329AF993D00C3EB0A /* Assets.xcassets in Resources */,
				0C4711F129AF993A00C3EB0A /* Main.storyboard in Resources */,
				0C47129829B0A19800C3EB0A /* Coordinates.json in Resources */,
				0C4712E429B1172800C3EB0A /* RouteTableViewCell.xib in Resources */,
			);
			runOnlyForDeploymentPostprocessing = 0;
		};
/* End PBXResourcesBuildPhase section */

/* Begin PBXSourcesBuildPhase section */
		0C4711E229AF993A00C3EB0A /* Sources */ = {
			isa = PBXSourcesBuildPhase;
			buildActionMask = 2147483647;
			files = (
				0C47128429AFAADC00C3EB0A /* StoryboardInitializable.swift in Sources */,
				0C47127229AFA0C500C3EB0A /* WalkViewController.swift in Sources */,
				0C4712D829B1138E00C3EB0A /* GuidedViewModel.swift in Sources */,
				0C4711EE29AF993A00C3EB0A /* ViewController.swift in Sources */,
				0C4712E729B119E700C3EB0A /* UIView+.swift in Sources */,
				0C4712CB29B0F20800C3EB0A /* WalkViewModel.swift in Sources */,
				0C47127629AFA0EB00C3EB0A /* StatisticsViewController.swift in Sources */,
				0C4712A029B0A51700C3EB0A /* PointAnnotationView.swift in Sources */,
				0C4712D429B0FBF400C3EB0A /* GuidedViewController.swift in Sources */,
				0C4712A329B0A6A900C3EB0A /* UIColor+.swift in Sources */,
				0C4712E329B1172800C3EB0A /* RouteTableViewCell.swift in Sources */,
				0C4712DB29B113C300C3EB0A /* Route.swift in Sources */,
				0C4711EA29AF993A00C3EB0A /* AppDelegate.swift in Sources */,
				0C4711EC29AF993A00C3EB0A /* SceneDelegate.swift in Sources */,
				0C4712D029B0FBE800C3EB0A /* QuickstartViewController.swift in Sources */,
				0C47128A29AFAB1A00C3EB0A /* MapViewController.swift in Sources */,
				0C4712A629B0A7F300C3EB0A /* UIViewController+.swift in Sources */,
				0C47128F29B09F6400C3EB0A /* MapViewModel.swift in Sources */,
				0C47129429B0A06D00C3EB0A /* MapPoint.swift in Sources */,
				0C47129C29B0A50F00C3EB0A /* PointAnnotation.swift in Sources */,
			);
			runOnlyForDeploymentPostprocessing = 0;
		};
/* End PBXSourcesBuildPhase section */

/* Begin PBXVariantGroup section */
		0C4711EF29AF993A00C3EB0A /* Main.storyboard */ = {
			isa = PBXVariantGroup;
			children = (
				0C4711F029AF993A00C3EB0A /* Base */,
			);
			name = Main.storyboard;
			sourceTree = "<group>";
		};
		0C4711F429AF993D00C3EB0A /* LaunchScreen.storyboard */ = {
			isa = PBXVariantGroup;
			children = (
				0C4711F529AF993D00C3EB0A /* Base */,
			);
			name = LaunchScreen.storyboard;
			sourceTree = "<group>";
		};
/* End PBXVariantGroup section */

/* Begin XCBuildConfiguration section */
		0C4711F829AF993D00C3EB0A /* Debug */ = {
			isa = XCBuildConfiguration;
			buildSettings = {
				ALWAYS_SEARCH_USER_PATHS = NO;
				CLANG_ANALYZER_NONNULL = YES;
				CLANG_ANALYZER_NUMBER_OBJECT_CONVERSION = YES_AGGRESSIVE;
				CLANG_CXX_LANGUAGE_STANDARD = "gnu++14";
				CLANG_CXX_LIBRARY = "libc++";
				CLANG_ENABLE_MODULES = YES;
				CLANG_ENABLE_OBJC_ARC = YES;
				CLANG_ENABLE_OBJC_WEAK = YES;
				CLANG_WARN_BLOCK_CAPTURE_AUTORELEASING = YES;
				CLANG_WARN_BOOL_CONVERSION = YES;
				CLANG_WARN_COMMA = YES;
				CLANG_WARN_CONSTANT_CONVERSION = YES;
				CLANG_WARN_DEPRECATED_OBJC_IMPLEMENTATIONS = YES;
				CLANG_WARN_DIRECT_OBJC_ISA_USAGE = YES_ERROR;
				CLANG_WARN_DOCUMENTATION_COMMENTS = YES;
				CLANG_WARN_EMPTY_BODY = YES;
				CLANG_WARN_ENUM_CONVERSION = YES;
				CLANG_WARN_INFINITE_RECURSION = YES;
				CLANG_WARN_INT_CONVERSION = YES;
				CLANG_WARN_NON_LITERAL_NULL_CONVERSION = YES;
				CLANG_WARN_OBJC_IMPLICIT_RETAIN_SELF = YES;
				CLANG_WARN_OBJC_LITERAL_CONVERSION = YES;
				CLANG_WARN_OBJC_ROOT_CLASS = YES_ERROR;
				CLANG_WARN_QUOTED_INCLUDE_IN_FRAMEWORK_HEADER = YES;
				CLANG_WARN_RANGE_LOOP_ANALYSIS = YES;
				CLANG_WARN_STRICT_PROTOTYPES = YES;
				CLANG_WARN_SUSPICIOUS_MOVE = YES;
				CLANG_WARN_UNGUARDED_AVAILABILITY = YES_AGGRESSIVE;
				CLANG_WARN_UNREACHABLE_CODE = YES;
				CLANG_WARN__DUPLICATE_METHOD_MATCH = YES;
				COPY_PHASE_STRIP = NO;
				DEBUG_INFORMATION_FORMAT = dwarf;
				ENABLE_STRICT_OBJC_MSGSEND = YES;
				ENABLE_TESTABILITY = YES;
				GCC_C_LANGUAGE_STANDARD = gnu11;
				GCC_DYNAMIC_NO_PIC = NO;
				GCC_NO_COMMON_BLOCKS = YES;
				GCC_OPTIMIZATION_LEVEL = 0;
				GCC_PREPROCESSOR_DEFINITIONS = (
					"DEBUG=1",
					"$(inherited)",
				);
				GCC_WARN_64_TO_32_BIT_CONVERSION = YES;
				GCC_WARN_ABOUT_RETURN_TYPE = YES_ERROR;
				GCC_WARN_UNDECLARED_SELECTOR = YES;
				GCC_WARN_UNINITIALIZED_AUTOS = YES_AGGRESSIVE;
				GCC_WARN_UNUSED_FUNCTION = YES;
				GCC_WARN_UNUSED_VARIABLE = YES;
				IPHONEOS_DEPLOYMENT_TARGET = 14.4;
				MTL_ENABLE_DEBUG_INFO = INCLUDE_SOURCE;
				MTL_FAST_MATH = YES;
				ONLY_ACTIVE_ARCH = YES;
				SDKROOT = iphoneos;
				SWIFT_ACTIVE_COMPILATION_CONDITIONS = DEBUG;
				SWIFT_OPTIMIZATION_LEVEL = "-Onone";
			};
			name = Debug;
		};
		0C4711F929AF993D00C3EB0A /* Release */ = {
			isa = XCBuildConfiguration;
			buildSettings = {
				ALWAYS_SEARCH_USER_PATHS = NO;
				CLANG_ANALYZER_NONNULL = YES;
				CLANG_ANALYZER_NUMBER_OBJECT_CONVERSION = YES_AGGRESSIVE;
				CLANG_CXX_LANGUAGE_STANDARD = "gnu++14";
				CLANG_CXX_LIBRARY = "libc++";
				CLANG_ENABLE_MODULES = YES;
				CLANG_ENABLE_OBJC_ARC = YES;
				CLANG_ENABLE_OBJC_WEAK = YES;
				CLANG_WARN_BLOCK_CAPTURE_AUTORELEASING = YES;
				CLANG_WARN_BOOL_CONVERSION = YES;
				CLANG_WARN_COMMA = YES;
				CLANG_WARN_CONSTANT_CONVERSION = YES;
				CLANG_WARN_DEPRECATED_OBJC_IMPLEMENTATIONS = YES;
				CLANG_WARN_DIRECT_OBJC_ISA_USAGE = YES_ERROR;
				CLANG_WARN_DOCUMENTATION_COMMENTS = YES;
				CLANG_WARN_EMPTY_BODY = YES;
				CLANG_WARN_ENUM_CONVERSION = YES;
				CLANG_WARN_INFINITE_RECURSION = YES;
				CLANG_WARN_INT_CONVERSION = YES;
				CLANG_WARN_NON_LITERAL_NULL_CONVERSION = YES;
				CLANG_WARN_OBJC_IMPLICIT_RETAIN_SELF = YES;
				CLANG_WARN_OBJC_LITERAL_CONVERSION = YES;
				CLANG_WARN_OBJC_ROOT_CLASS = YES_ERROR;
				CLANG_WARN_QUOTED_INCLUDE_IN_FRAMEWORK_HEADER = YES;
				CLANG_WARN_RANGE_LOOP_ANALYSIS = YES;
				CLANG_WARN_STRICT_PROTOTYPES = YES;
				CLANG_WARN_SUSPICIOUS_MOVE = YES;
				CLANG_WARN_UNGUARDED_AVAILABILITY = YES_AGGRESSIVE;
				CLANG_WARN_UNREACHABLE_CODE = YES;
				CLANG_WARN__DUPLICATE_METHOD_MATCH = YES;
				COPY_PHASE_STRIP = NO;
				DEBUG_INFORMATION_FORMAT = "dwarf-with-dsym";
				ENABLE_NS_ASSERTIONS = NO;
				ENABLE_STRICT_OBJC_MSGSEND = YES;
				GCC_C_LANGUAGE_STANDARD = gnu11;
				GCC_NO_COMMON_BLOCKS = YES;
				GCC_WARN_64_TO_32_BIT_CONVERSION = YES;
				GCC_WARN_ABOUT_RETURN_TYPE = YES_ERROR;
				GCC_WARN_UNDECLARED_SELECTOR = YES;
				GCC_WARN_UNINITIALIZED_AUTOS = YES_AGGRESSIVE;
				GCC_WARN_UNUSED_FUNCTION = YES;
				GCC_WARN_UNUSED_VARIABLE = YES;
				IPHONEOS_DEPLOYMENT_TARGET = 14.4;
				MTL_ENABLE_DEBUG_INFO = NO;
				MTL_FAST_MATH = YES;
				SDKROOT = iphoneos;
				SWIFT_COMPILATION_MODE = wholemodule;
				SWIFT_OPTIMIZATION_LEVEL = "-O";
				VALIDATE_PRODUCT = YES;
			};
			name = Release;
		};
		0C4711FB29AF993D00C3EB0A /* Debug */ = {
			isa = XCBuildConfiguration;
			buildSettings = {
				ASSETCATALOG_COMPILER_APPICON_NAME = AppIcon;
				ASSETCATALOG_COMPILER_GLOBAL_ACCENT_COLOR_NAME = AccentColor;
				CODE_SIGN_STYLE = Automatic;
				DEVELOPMENT_TEAM = Y8HLR7XJ94;
				INFOPLIST_FILE = "Project-structure/Info.plist";
				LD_RUNPATH_SEARCH_PATHS = (
					"$(inherited)",
					"@executable_path/Frameworks",
				);
				PRODUCT_BUNDLE_IDENTIFIER = "com.elina.Project-structure";
				PRODUCT_NAME = "$(TARGET_NAME)";
				SWIFT_VERSION = 5.0;
				TARGETED_DEVICE_FAMILY = "1,2";
			};
			name = Debug;
		};
		0C4711FC29AF993D00C3EB0A /* Release */ = {
			isa = XCBuildConfiguration;
			buildSettings = {
				ASSETCATALOG_COMPILER_APPICON_NAME = AppIcon;
				ASSETCATALOG_COMPILER_GLOBAL_ACCENT_COLOR_NAME = AccentColor;
				CODE_SIGN_STYLE = Automatic;
				DEVELOPMENT_TEAM = Y8HLR7XJ94;
				INFOPLIST_FILE = "Project-structure/Info.plist";
				LD_RUNPATH_SEARCH_PATHS = (
					"$(inherited)",
					"@executable_path/Frameworks",
				);
				PRODUCT_BUNDLE_IDENTIFIER = "com.elina.Project-structure";
				PRODUCT_NAME = "$(TARGET_NAME)";
				SWIFT_VERSION = 5.0;
				TARGETED_DEVICE_FAMILY = "1,2";
			};
			name = Release;
		};
/* End XCBuildConfiguration section */

/* Begin XCConfigurationList section */
		0C4711E129AF993A00C3EB0A /* Build configuration list for PBXProject "Project-structure" */ = {
			isa = XCConfigurationList;
			buildConfigurations = (
				0C4711F829AF993D00C3EB0A /* Debug */,
				0C4711F929AF993D00C3EB0A /* Release */,
			);
			defaultConfigurationIsVisible = 0;
			defaultConfigurationName = Release;
		};
		0C4711FA29AF993D00C3EB0A /* Build configuration list for PBXNativeTarget "Project-structure" */ = {
			isa = XCConfigurationList;
			buildConfigurations = (
				0C4711FB29AF993D00C3EB0A /* Debug */,
				0C4711FC29AF993D00C3EB0A /* Release */,
			);
			defaultConfigurationIsVisible = 0;
			defaultConfigurationName = Release;
		};
/* End XCConfigurationList section */
	};
	rootObject = 0C4711DE29AF993A00C3EB0A /* Project object */;
}
